
Microsoft Visual Studio Solution File, Format Version 12.00
# Visual Studio Version 17
VisualStudioVersion = 17.11.35327.3
MinimumVisualStudioVersion = 10.0.40219.1
Project("{FAE04EC0-301F-11D3-BF4B-00C04F79EFBC}") = "webAPI", "webAPI\webAPI.csproj", "{1FC5F1F4-B2D1-4497-B6A3-30B56B7F1ED4}"
EndProject
Global
	GlobalSection(SolutionConfigurationPlatforms) = preSolution
		Debug|Any CPU = Debug|Any CPU
		Release|Any CPU = Release|Any CPU
	EndGlobalSection
	GlobalSection(ProjectConfigurationPlatforms) = postSolution
		{1FC5F1F4-B2D1-4497-B6A3-30B56B7F1ED4}.Debug|Any CPU.ActiveCfg = Debug|Any CPU
		{1FC5F1F4-B2D1-4497-B6A3-30B56B7F1ED4}.Debug|Any CPU.Build.0 = Debug|Any CPU
		{1FC5F1F4-B2D1-4497-B6A3-30B56B7F1ED4}.Release|Any CPU.ActiveCfg = Release|Any CPU
		{1FC5F1F4-B2D1-4497-B6A3-30B56B7F1ED4}.Release|Any CPU.Build.0 = Release|Any CPU
	EndGlobalSection
	GlobalSection(SolutionProperties) = preSolution
		HideSolutionNode = FALSE
	EndGlobalSection
	GlobalSection(ExtensibilityGlobals) = postSolution
		SolutionGuid = {03F168C5-E344-4193-8AD1-0323D5778B2A}
	EndGlobalSection
EndGlobal
